
Microsoft Visual Studio Solution File, Format Version 12.00
# Visual Studio Version 17
VisualStudioVersion = 17.11.35222.181
MinimumVisualStudioVersion = 10.0.40219.1
Project("{FAE04EC0-301F-11D3-BF4B-00C04F79EFBC}") = "HangManApp", "HangManApp\HangManApp.csproj", "{6C6D6183-5160-4FEE-A4A0-F18643DC75D8}"
EndProject
Global
	GlobalSection(SolutionConfigurationPlatforms) = preSolution
		Debug|Any CPU = Debug|Any CPU
		Release|Any CPU = Release|Any CPU
	EndGlobalSection
	GlobalSection(ProjectConfigurationPlatforms) = postSolution
		{6C6D6183-5160-4FEE-A4A0-F18643DC75D8}.Debug|Any CPU.ActiveCfg = Debug|Any CPU
		{6C6D6183-5160-4FEE-A4A0-F18643DC75D8}.Debug|Any CPU.Build.0 = Debug|Any CPU
		{6C6D6183-5160-4FEE-A4A0-F18643DC75D8}.Release|Any CPU.ActiveCfg = Release|Any CPU
		{6C6D6183-5160-4FEE-A4A0-F18643DC75D8}.Release|Any CPU.Build.0 = Release|Any CPU
	EndGlobalSection
	GlobalSection(SolutionProperties) = preSolution
		HideSolutionNode = FALSE
	EndGlobalSection
	GlobalSection(ExtensibilityGlobals) = postSolution
		SolutionGuid = {D518C625-A7B3-4C7F-9396-4CB141390B38}
	EndGlobalSection
EndGlobal
